
Microsoft Visual Studio Solution File, Format Version 12.00
# Visual Studio Version 17
VisualStudioVersion = 17.8.34408.163
MinimumVisualStudioVersion = 10.0.40219.1
Project("{FAE04EC0-301F-11D3-BF4B-00C04F79EFBC}") = "determina si es positivo o negativo", "determina si es positivo o negativo\determina si es positivo o negativo.csproj", "{1AB27510-B3ED-46B7-8ECA-E1E7E93FF77E}"
EndProject
Global
	GlobalSection(SolutionConfigurationPlatforms) = preSolution
		Debug|Any CPU = Debug|Any CPU
		Release|Any CPU = Release|Any CPU
	EndGlobalSection
	GlobalSection(ProjectConfigurationPlatforms) = postSolution
		{1AB27510-B3ED-46B7-8ECA-E1E7E93FF77E}.Debug|Any CPU.ActiveCfg = Debug|Any CPU
		{1AB27510-B3ED-46B7-8ECA-E1E7E93FF77E}.Debug|Any CPU.Build.0 = Debug|Any CPU
		{1AB27510-B3ED-46B7-8ECA-E1E7E93FF77E}.Release|Any CPU.ActiveCfg = Release|Any CPU
		{1AB27510-B3ED-46B7-8ECA-E1E7E93FF77E}.Release|Any CPU.Build.0 = Release|Any CPU
	EndGlobalSection
	GlobalSection(SolutionProperties) = preSolution
		HideSolutionNode = FALSE
	EndGlobalSection
	GlobalSection(ExtensibilityGlobals) = postSolution
		SolutionGuid = {7D5B68C4-D33A-4B62-AB31-3365D9CE35D2}
	EndGlobalSection
EndGlobal
